
Microsoft Visual Studio Solution File, Format Version 12.00
# Visual Studio 14
VisualStudioVersion = 14.0.25420.1
MinimumVisualStudioVersion = 10.0.40219.1
Project("{8BC9CEB8-8B4A-11D0-8D11-00A0C91BC942}") = "Shapes4_2", "Shapes4_2\Shapes4_2.vcxproj", "{24911016-A45B-43FE-B01C-37685E9C7419}"
EndProject
Project("{8BC9CEB8-8B4A-11D0-8D11-00A0C91BC942}") = "ShapeTests", "ShapeTests\ShapeTests.vcxproj", "{2B07DBE2-757A-41DA-843C-6EA11ADAF1C0}"
EndProject
Global
	GlobalSection(SolutionConfigurationPlatforms) = preSolution
		Debug|x64 = Debug|x64
		Debug|x86 = Debug|x86
		Release|x64 = Release|x64
		Release|x86 = Release|x86
	EndGlobalSection
	GlobalSection(ProjectConfigurationPlatforms) = postSolution
		{24911016-A45B-43FE-B01C-37685E9C7419}.Debug|x64.ActiveCfg = Debug|x64
		{24911016-A45B-43FE-B01C-37685E9C7419}.Debug|x64.Build.0 = Debug|x64
		{24911016-A45B-43FE-B01C-37685E9C7419}.Debug|x86.ActiveCfg = Debug|Win32
		{24911016-A45B-43FE-B01C-37685E9C7419}.Debug|x86.Build.0 = Debug|Win32
		{24911016-A45B-43FE-B01C-37685E9C7419}.Debug|x86.Deploy.0 = Debug|Win32
		{24911016-A45B-43FE-B01C-37685E9C7419}.Release|x64.ActiveCfg = Release|x64
		{24911016-A45B-43FE-B01C-37685E9C7419}.Release|x64.Build.0 = Release|x64
		{24911016-A45B-43FE-B01C-37685E9C7419}.Release|x86.ActiveCfg = Release|Win32
		{24911016-A45B-43FE-B01C-37685E9C7419}.Release|x86.Build.0 = Release|Win32
		{2B07DBE2-757A-41DA-843C-6EA11ADAF1C0}.Debug|x64.ActiveCfg = Debug|x64
		{2B07DBE2-757A-41DA-843C-6EA11ADAF1C0}.Debug|x64.Build.0 = Debug|x64
		{2B07DBE2-757A-41DA-843C-6EA11ADAF1C0}.Debug|x86.ActiveCfg = Debug|Win32
		{2B07DBE2-757A-41DA-843C-6EA11ADAF1C0}.Debug|x86.Build.0 = Debug|Win32
		{2B07DBE2-757A-41DA-843C-6EA11ADAF1C0}.Release|x64.ActiveCfg = Release|x64
		{2B07DBE2-757A-41DA-843C-6EA11ADAF1C0}.Release|x64.Build.0 = Release|x64
		{2B07DBE2-757A-41DA-843C-6EA11ADAF1C0}.Release|x86.ActiveCfg = Release|Win32
		{2B07DBE2-757A-41DA-843C-6EA11ADAF1C0}.Release|x86.Build.0 = Release|Win32
	EndGlobalSection
	GlobalSection(SolutionProperties) = preSolution
		HideSolutionNode = FALSE
	EndGlobalSection
EndGlobal
